// !$*UTF8*$!
{
	archiveVersion = 1;
	classes = {
	};
	objectVersion = 55;
	objects = {

/* Begin PBXBuildFile section */
		348A3D5F951C96BB9769E34E /* Pods_MiniApp36_Alamofire01.framework in Frameworks */ = {isa = PBXBuildFile; fileRef = 424BA16AFEF97691180FDA20 /* Pods_MiniApp36_Alamofire01.framework */; };
		876C547A27FDB5BB00F5A482 /* LoadApiData.swift in Sources */ = {isa = PBXBuildFile; fileRef = 876C547927FDB5BB00F5A482 /* LoadApiData.swift */; };
		876C547C27FE517C00F5A482 /* NewsArticles.swift in Sources */ = {isa = PBXBuildFile; fileRef = 876C547B27FE517C00F5A482 /* NewsArticles.swift */; };
		876C547F27FE51CB00F5A482 /* NewsTableViewCell.swift in Sources */ = {isa = PBXBuildFile; fileRef = 876C547D27FE51CB00F5A482 /* NewsTableViewCell.swift */; };
		876C548027FE51CB00F5A482 /* NewsTableViewCell.xib in Resources */ = {isa = PBXBuildFile; fileRef = 876C547E27FE51CB00F5A482 /* NewsTableViewCell.xib */; };
		8781413327FD939F0095AECD /* AppDelegate.swift in Sources */ = {isa = PBXBuildFile; fileRef = 8781413227FD939F0095AECD /* AppDelegate.swift */; };
		8781413527FD939F0095AECD /* SceneDelegate.swift in Sources */ = {isa = PBXBuildFile; fileRef = 8781413427FD939F0095AECD /* SceneDelegate.swift */; };
		8781413727FD939F0095AECD /* ViewController.swift in Sources */ = {isa = PBXBuildFile; fileRef = 8781413627FD939F0095AECD /* ViewController.swift */; };
		8781413A27FD939F0095AECD /* Main.storyboard in Resources */ = {isa = PBXBuildFile; fileRef = 8781413827FD939F0095AECD /* Main.storyboard */; };
		8781413C27FD939F0095AECD /* Assets.xcassets in Resources */ = {isa = PBXBuildFile; fileRef = 8781413B27FD939F0095AECD /* Assets.xcassets */; };
		8781413F27FD939F0095AECD /* LaunchScreen.storyboard in Resources */ = {isa = PBXBuildFile; fileRef = 8781413D27FD939F0095AECD /* LaunchScreen.storyboard */; };
/* End PBXBuildFile section */

/* Begin PBXFileReference section */
		0D5A8946C1EB0C747EE1DBDB /* Pods-MiniApp36-Alamofire01.debug.xcconfig */ = {isa = PBXFileReference; includeInIndex = 1; lastKnownFileType = text.xcconfig; name = "Pods-MiniApp36-Alamofire01.debug.xcconfig"; path = "Target Support Files/Pods-MiniApp36-Alamofire01/Pods-MiniApp36-Alamofire01.debug.xcconfig"; sourceTree = "<group>"; };
		424BA16AFEF97691180FDA20 /* Pods_MiniApp36_Alamofire01.framework */ = {isa = PBXFileReference; explicitFileType = wrapper.framework; includeInIndex = 0; path = Pods_MiniApp36_Alamofire01.framework; sourceTree = BUILT_PRODUCTS_DIR; };
		6FAE144377C4ED83CB070107 /* Pods-MiniApp36-Alamofire01.release.xcconfig */ = {isa = PBXFileReference; includeInIndex = 1; lastKnownFileType = text.xcconfig; name = "Pods-MiniApp36-Alamofire01.release.xcconfig"; path = "Target Support Files/Pods-MiniApp36-Alamofire01/Pods-MiniApp36-Alamofire01.release.xcconfig"; sourceTree = "<group>"; };
		876C547927FDB5BB00F5A482 /* LoadApiData.swift */ = {isa = PBXFileReference; lastKnownFileType = sourcecode.swift; path = LoadApiData.swift; sourceTree = "<group>"; };
		876C547B27FE517C00F5A482 /* NewsArticles.swift */ = {isa = PBXFileReference; lastKnownFileType = sourcecode.swift; path = NewsArticles.swift; sourceTree = "<group>"; };
		876C547D27FE51CB00F5A482 /* NewsTableViewCell.swift */ = {isa = PBXFileReference; lastKnownFileType = sourcecode.swift; path = NewsTableViewCell.swift; sourceTree = "<group>"; };
		876C547E27FE51CB00F5A482 /* NewsTableViewCell.xib */ = {isa = PBXFileReference; lastKnownFileType = file.xib; path = NewsTableViewCell.xib; sourceTree = "<group>"; };
		8781412F27FD939F0095AECD /* MiniApp36-Alamofire01.app */ = {isa = PBXFileReference; explicitFileType = wrapper.application; includeInIndex = 0; path = "MiniApp36-Alamofire01.app"; sourceTree = BUILT_PRODUCTS_DIR; };
		8781413227FD939F0095AECD /* AppDelegate.swift */ = {isa = PBXFileReference; lastKnownFileType = sourcecode.swift; path = AppDelegate.swift; sourceTree = "<group>"; };
		8781413427FD939F0095AECD /* SceneDelegate.swift */ = {isa = PBXFileReference; lastKnownFileType = sourcecode.swift; path = SceneDelegate.swift; sourceTree = "<group>"; };
		8781413627FD939F0095AECD /* ViewController.swift */ = {isa = PBXFileReference; lastKnownFileType = sourcecode.swift; path = ViewController.swift; sourceTree = "<group>"; };
		8781413927FD939F0095AECD /* Base */ = {isa = PBXFileReference; lastKnownFileType = file.storyboard; name = Base; path = Base.lproj/Main.storyboard; sourceTree = "<group>"; };
		8781413B27FD939F0095AECD /* Assets.xcassets */ = {isa = PBXFileReference; lastKnownFileType = folder.assetcatalog; path = Assets.xcassets; sourceTree = "<group>"; };
		8781413E27FD939F0095AECD /* Base */ = {isa = PBXFileReference; lastKnownFileType = file.storyboard; name = Base; path = Base.lproj/LaunchScreen.storyboard; sourceTree = "<group>"; };
		8781414027FD939F0095AECD /* Info.plist */ = {isa = PBXFileReference; lastKnownFileType = text.plist.xml; path = Info.plist; sourceTree = "<group>"; };
/* End PBXFileReference section */

/* Begin PBXFrameworksBuildPhase section */
		8781412C27FD939F0095AECD /* Frameworks */ = {
			isa = PBXFrameworksBuildPhase;
			buildActionMask = 2147483647;
			files = (
				348A3D5F951C96BB9769E34E /* Pods_MiniApp36_Alamofire01.framework in Frameworks */,
			);
			runOnlyForDeploymentPostprocessing = 0;
		};
/* End PBXFrameworksBuildPhase section */

/* Begin PBXGroup section */
		46D2485C14CE166233950961 /* Frameworks */ = {
			isa = PBXGroup;
			children = (
				424BA16AFEF97691180FDA20 /* Pods_MiniApp36_Alamofire01.framework */,
			);
			name = Frameworks;
			sourceTree = "<group>";
		};
		8781412627FD939F0095AECD = {
			isa = PBXGroup;
			children = (
				8781413127FD939F0095AECD /* MiniApp36-Alamofire01 */,
				8781413027FD939F0095AECD /* Products */,
				B9E2DD1DCFBEB6C18BF3B6CB /* Pods */,
				46D2485C14CE166233950961 /* Frameworks */,
			);
			sourceTree = "<group>";
		};
		8781413027FD939F0095AECD /* Products */ = {
			isa = PBXGroup;
			children = (
				8781412F27FD939F0095AECD /* MiniApp36-Alamofire01.app */,
			);
			name = Products;
			sourceTree = "<group>";
		};
		8781413127FD939F0095AECD /* MiniApp36-Alamofire01 */ = {
			isa = PBXGroup;
			children = (
				8781413227FD939F0095AECD /* AppDelegate.swift */,
				8781413427FD939F0095AECD /* SceneDelegate.swift */,
				8781413627FD939F0095AECD /* ViewController.swift */,
				876C547927FDB5BB00F5A482 /* LoadApiData.swift */,
				876C547B27FE517C00F5A482 /* NewsArticles.swift */,
				8781413827FD939F0095AECD /* Main.storyboard */,
				8781413B27FD939F0095AECD /* Assets.xcassets */,
				8781413D27FD939F0095AECD /* LaunchScreen.storyboard */,
				8781414027FD939F0095AECD /* Info.plist */,
				876C547D27FE51CB00F5A482 /* NewsTableViewCell.swift */,
				876C547E27FE51CB00F5A482 /* NewsTableViewCell.xib */,
			);
			path = "MiniApp36-Alamofire01";
			sourceTree = "<group>";
		};
		B9E2DD1DCFBEB6C18BF3B6CB /* Pods */ = {
			isa = PBXGroup;
			children = (
				0D5A8946C1EB0C747EE1DBDB /* Pods-MiniApp36-Alamofire01.debug.xcconfig */,
				6FAE144377C4ED83CB070107 /* Pods-MiniApp36-Alamofire01.release.xcconfig */,
			);
			path = Pods;
			sourceTree = "<group>";
		};
/* End PBXGroup section */

/* Begin PBXNativeTarget section */
		8781412E27FD939F0095AECD /* MiniApp36-Alamofire01 */ = {
			isa = PBXNativeTarget;
			buildConfigurationList = 8781414327FD939F0095AECD /* Build configuration list for PBXNativeTarget "MiniApp36-Alamofire01" */;
			buildPhases = (
				3566C2D5FCBE0FA026418F55 /* [CP] Check Pods Manifest.lock */,
				8781412B27FD939F0095AECD /* Sources */,
				8781412C27FD939F0095AECD /* Frameworks */,
				8781412D27FD939F0095AECD /* Resources */,
				DC4819C753AB4BD06E0B5255 /* [CP] Embed Pods Frameworks */,
			);
			buildRules = (
			);
			dependencies = (
			);
			name = "MiniApp36-Alamofire01";
			productName = "MiniApp36-Alamofire01";
			productReference = 8781412F27FD939F0095AECD /* MiniApp36-Alamofire01.app */;
			productType = "com.apple.product-type.application";
		};
/* End PBXNativeTarget section */

/* Begin PBXProject section */
		8781412727FD939F0095AECD /* Project object */ = {
			isa = PBXProject;
			attributes = {
				BuildIndependentTargetsInParallel = 1;
				LastSwiftUpdateCheck = 1330;
				LastUpgradeCheck = 1330;
				TargetAttributes = {
					8781412E27FD939F0095AECD = {
						CreatedOnToolsVersion = 13.3;
					};
				};
			};
			buildConfigurationList = 8781412A27FD939F0095AECD /* Build configuration list for PBXProject "MiniApp36-Alamofire01" */;
			compatibilityVersion = "Xcode 13.0";
			developmentRegion = en;
			hasScannedForEncodings = 0;
			knownRegions = (
				en,
				Base,
			);
			mainGroup = 8781412627FD939F0095AECD;
			productRefGroup = 8781413027FD939F0095AECD /* Products */;
			projectDirPath = "";
			projectRoot = "";
			targets = (
				8781412E27FD939F0095AECD /* MiniApp36-Alamofire01 */,
			);
		};
/* End PBXProject section */

/* Begin PBXResourcesBuildPhase section */
		8781412D27FD939F0095AECD /* Resources */ = {
			isa = PBXResourcesBuildPhase;
			buildActionMask = 2147483647;
			files = (
				8781413F27FD939F0095AECD /* LaunchScreen.storyboard in Resources */,
				8781413C27FD939F0095AECD /* Assets.xcassets in Resources */,
				876C548027FE51CB00F5A482 /* NewsTableViewCell.xib in Resources */,
				8781413A27FD939F0095AECD /* Main.storyboard in Resources */,
			);
			runOnlyForDeploymentPostprocessing = 0;
		};
/* End PBXResourcesBuildPhase section */

/* Begin PBXShellScriptBuildPhase section */
		3566C2D5FCBE0FA026418F55 /* [CP] Check Pods Manifest.lock */ = {
			isa = PBXShellScriptBuildPhase;
			buildActionMask = 2147483647;
			files = (
			);
			inputFileListPaths = (
			);
			inputPaths = (
				"${PODS_PODFILE_DIR_PATH}/Podfile.lock",
				"${PODS_ROOT}/Manifest.lock",
			);
			name = "[CP] Check Pods Manifest.lock";
			outputFileListPaths = (
			);
			outputPaths = (
				"$(DERIVED_FILE_DIR)/Pods-MiniApp36-Alamofire01-checkManifestLockResult.txt",
			);
			runOnlyForDeploymentPostprocessing = 0;
			shellPath = /bin/sh;
			shellScript = "diff \"${PODS_PODFILE_DIR_PATH}/Podfile.lock\" \"${PODS_ROOT}/Manifest.lock\" > /dev/null\nif [ $? != 0 ] ; then\n    # print error to STDERR\n    echo \"error: The sandbox is not in sync with the Podfile.lock. Run 'pod install' or update your CocoaPods installation.\" >&2\n    exit 1\nfi\n# This output is used by Xcode 'outputs' to avoid re-running this script phase.\necho \"SUCCESS\" > \"${SCRIPT_OUTPUT_FILE_0}\"\n";
			showEnvVarsInLog = 0;
		};
		DC4819C753AB4BD06E0B5255 /* [CP] Embed Pods Frameworks */ = {
			isa = PBXShellScriptBuildPhase;
			buildActionMask = 2147483647;
			files = (
			);
			inputFileListPaths = (
				"${PODS_ROOT}/Target Support Files/Pods-MiniApp36-Alamofire01/Pods-MiniApp36-Alamofire01-frameworks-${CONFIGURATION}-input-files.xcfilelist",
			);
			name = "[CP] Embed Pods Frameworks";
			outputFileListPaths = (
				"${PODS_ROOT}/Target Support Files/Pods-MiniApp36-Alamofire01/Pods-MiniApp36-Alamofire01-frameworks-${CONFIGURATION}-output-files.xcfilelist",
			);
			runOnlyForDeploymentPostprocessing = 0;
			shellPath = /bin/sh;
			shellScript = "\"${PODS_ROOT}/Target Support Files/Pods-MiniApp36-Alamofire01/Pods-MiniApp36-Alamofire01-frameworks.sh\"\n";
			showEnvVarsInLog = 0;
		};
/* End PBXShellScriptBuildPhase section */

/* Begin PBXSourcesBuildPhase section */
		8781412B27FD939F0095AECD /* Sources */ = {
			isa = PBXSourcesBuildPhase;
			buildActionMask = 2147483647;
			files = (
				876C547C27FE517C00F5A482 /* NewsArticles.swift in Sources */,
				876C547A27FDB5BB00F5A482 /* LoadApiData.swift in Sources */,
				876C547F27FE51CB00F5A482 /* NewsTableViewCell.swift in Sources */,
				8781413727FD939F0095AECD /* ViewController.swift in Sources */,
				8781413327FD939F0095AECD /* AppDelegate.swift in Sources */,
				8781413527FD939F0095AECD /* SceneDelegate.swift in Sources */,
			);
			runOnlyForDeploymentPostprocessing = 0;
		};
/* End PBXSourcesBuildPhase section */

/* Begin PBXVariantGroup section */
		8781413827FD939F0095AECD /* Main.storyboard */ = {
			isa = PBXVariantGroup;
			children = (
				8781413927FD939F0095AECD /* Base */,
			);
			name = Main.storyboard;
			sourceTree = "<group>";
		};
		8781413D27FD939F0095AECD /* LaunchScreen.storyboard */ = {
			isa = PBXVariantGroup;
			children = (
				8781413E27FD939F0095AECD /* Base */,
			);
			name = LaunchScreen.storyboard;
			sourceTree = "<group>";
		};
/* End PBXVariantGroup section */

/* Begin XCBuildConfiguration section */
		8781414127FD939F0095AECD /* Debug */ = {
			isa = XCBuildConfiguration;
			buildSettings = {
				ALWAYS_SEARCH_USER_PATHS = NO;
				CLANG_ANALYZER_NONNULL = YES;
				CLANG_ANALYZER_NUMBER_OBJECT_CONVERSION = YES_AGGRESSIVE;
				CLANG_CXX_LANGUAGE_STANDARD = "gnu++17";
				CLANG_ENABLE_MODULES = YES;
				CLANG_ENABLE_OBJC_ARC = YES;
				CLANG_ENABLE_OBJC_WEAK = YES;
				CLANG_WARN_BLOCK_CAPTURE_AUTORELEASING = YES;
				CLANG_WARN_BOOL_CONVERSION = YES;
				CLANG_WARN_COMMA = YES;
				CLANG_WARN_CONSTANT_CONVERSION = YES;
				CLANG_WARN_DEPRECATED_OBJC_IMPLEMENTATIONS = YES;
				CLANG_WARN_DIRECT_OBJC_ISA_USAGE = YES_ERROR;
				CLANG_WARN_DOCUMENTATION_COMMENTS = YES;
				CLANG_WARN_EMPTY_BODY = YES;
				CLANG_WARN_ENUM_CONVERSION = YES;
				CLANG_WARN_INFINITE_RECURSION = YES;
				CLANG_WARN_INT_CONVERSION = YES;
				CLANG_WARN_NON_LITERAL_NULL_CONVERSION = YES;
				CLANG_WARN_OBJC_IMPLICIT_RETAIN_SELF = YES;
				CLANG_WARN_OBJC_LITERAL_CONVERSION = YES;
				CLANG_WARN_OBJC_ROOT_CLASS = YES_ERROR;
				CLANG_WARN_QUOTED_INCLUDE_IN_FRAMEWORK_HEADER = YES;
				CLANG_WARN_RANGE_LOOP_ANALYSIS = YES;
				CLANG_WARN_STRICT_PROTOTYPES = YES;
				CLANG_WARN_SUSPICIOUS_MOVE = YES;
				CLANG_WARN_UNGUARDED_AVAILABILITY = YES_AGGRESSIVE;
				CLANG_WARN_UNREACHABLE_CODE = YES;
				CLANG_WARN__DUPLICATE_METHOD_MATCH = YES;
				COPY_PHASE_STRIP = NO;
				DEBUG_INFORMATION_FORMAT = dwarf;
				ENABLE_STRICT_OBJC_MSGSEND = YES;
				ENABLE_TESTABILITY = YES;
				GCC_C_LANGUAGE_STANDARD = gnu11;
				GCC_DYNAMIC_NO_PIC = NO;
				GCC_NO_COMMON_BLOCKS = YES;
				GCC_OPTIMIZATION_LEVEL = 0;
				GCC_PREPROCESSOR_DEFINITIONS = (
					"DEBUG=1",
					"$(inherited)",
				);
				GCC_WARN_64_TO_32_BIT_CONVERSION = YES;
				GCC_WARN_ABOUT_RETURN_TYPE = YES_ERROR;
				GCC_WARN_UNDECLARED_SELECTOR = YES;
				GCC_WARN_UNINITIALIZED_AUTOS = YES_AGGRESSIVE;
				GCC_WARN_UNUSED_FUNCTION = YES;
				GCC_WARN_UNUSED_VARIABLE = YES;
				IPHONEOS_DEPLOYMENT_TARGET = 15.4;
				MTL_ENABLE_DEBUG_INFO = INCLUDE_SOURCE;
				MTL_FAST_MATH = YES;
				ONLY_ACTIVE_ARCH = YES;
				SDKROOT = iphoneos;
				SWIFT_ACTIVE_COMPILATION_CONDITIONS = DEBUG;
				SWIFT_OPTIMIZATION_LEVEL = "-Onone";
			};
			name = Debug;
		};
		8781414227FD939F0095AECD /* Release */ = {
			isa = XCBuildConfiguration;
			buildSettings = {
				ALWAYS_SEARCH_USER_PATHS = NO;
				CLANG_ANALYZER_NONNULL = YES;
				CLANG_ANALYZER_NUMBER_OBJECT_CONVERSION = YES_AGGRESSIVE;
				CLANG_CXX_LANGUAGE_STANDARD = "gnu++17";
				CLANG_ENABLE_MODULES = YES;
				CLANG_ENABLE_OBJC_ARC = YES;
				CLANG_ENABLE_OBJC_WEAK = YES;
				CLANG_WARN_BLOCK_CAPTURE_AUTORELEASING = YES;
				CLANG_WARN_BOOL_CONVERSION = YES;
				CLANG_WARN_COMMA = YES;
				CLANG_WARN_CONSTANT_CONVERSION = YES;
				CLANG_WARN_DEPRECATED_OBJC_IMPLEMENTATIONS = YES;
				CLANG_WARN_DIRECT_OBJC_ISA_USAGE = YES_ERROR;
				CLANG_WARN_DOCUMENTATION_COMMENTS = YES;
				CLANG_WARN_EMPTY_BODY = YES;
				CLANG_WARN_ENUM_CONVERSION = YES;
				CLANG_WARN_INFINITE_RECURSION = YES;
				CLANG_WARN_INT_CONVERSION = YES;
				CLANG_WARN_NON_LITERAL_NULL_CONVERSION = YES;
				CLANG_WARN_OBJC_IMPLICIT_RETAIN_SELF = YES;
				CLANG_WARN_OBJC_LITERAL_CONVERSION = YES;
				CLANG_WARN_OBJC_ROOT_CLASS = YES_ERROR;
				CLANG_WARN_QUOTED_INCLUDE_IN_FRAMEWORK_HEADER = YES;
				CLANG_WARN_RANGE_LOOP_ANALYSIS = YES;
				CLANG_WARN_STRICT_PROTOTYPES = YES;
				CLANG_WARN_SUSPICIOUS_MOVE = YES;
				CLANG_WARN_UNGUARDED_AVAILABILITY = YES_AGGRESSIVE;
				CLANG_WARN_UNREACHABLE_CODE = YES;
				CLANG_WARN__DUPLICATE_METHOD_MATCH = YES;
				COPY_PHASE_STRIP = NO;
				DEBUG_INFORMATION_FORMAT = "dwarf-with-dsym";
				ENABLE_NS_ASSERTIONS = NO;
				ENABLE_STRICT_OBJC_MSGSEND = YES;
				GCC_C_LANGUAGE_STANDARD = gnu11;
				GCC_NO_COMMON_BLOCKS = YES;
				GCC_WARN_64_TO_32_BIT_CONVERSION = YES;
				GCC_WARN_ABOUT_RETURN_TYPE = YES_ERROR;
				GCC_WARN_UNDECLARED_SELECTOR = YES;
				GCC_WARN_UNINITIALIZED_AUTOS = YES_AGGRESSIVE;
				GCC_WARN_UNUSED_FUNCTION = YES;
				GCC_WARN_UNUSED_VARIABLE = YES;
				IPHONEOS_DEPLOYMENT_TARGET = 15.4;
				MTL_ENABLE_DEBUG_INFO = NO;
				MTL_FAST_MATH = YES;
				SDKROOT = iphoneos;
				SWIFT_COMPILATION_MODE = wholemodule;
				SWIFT_OPTIMIZATION_LEVEL = "-O";
				VALIDATE_PRODUCT = YES;
			};
			name = Release;
		};
		8781414427FD939F0095AECD /* Debug */ = {
			isa = XCBuildConfiguration;
			baseConfigurationReference = 0D5A8946C1EB0C747EE1DBDB /* Pods-MiniApp36-Alamofire01.debug.xcconfig */;
			buildSettings = {
				ASSETCATALOG_COMPILER_APPICON_NAME = AppIcon;
				ASSETCATALOG_COMPILER_GLOBAL_ACCENT_COLOR_NAME = AccentColor;
				CODE_SIGN_STYLE = Automatic;
				CURRENT_PROJECT_VERSION = 1;
				DEVELOPMENT_TEAM = 558ZJSQN67;
				GENERATE_INFOPLIST_FILE = YES;
				INFOPLIST_FILE = "MiniApp36-Alamofire01/Info.plist";
				INFOPLIST_KEY_UIApplicationSupportsIndirectInputEvents = YES;
				INFOPLIST_KEY_UILaunchStoryboardName = LaunchScreen;
				INFOPLIST_KEY_UIMainStoryboardFile = Main;
				INFOPLIST_KEY_UISupportedInterfaceOrientations_iPad = "UIInterfaceOrientationPortrait UIInterfaceOrientationPortraitUpsideDown UIInterfaceOrientationLandscapeLeft UIInterfaceOrientationLandscapeRight";
				INFOPLIST_KEY_UISupportedInterfaceOrientations_iPhone = "UIInterfaceOrientationPortrait UIInterfaceOrientationLandscapeLeft UIInterfaceOrientationLandscapeRight";
				LD_RUNPATH_SEARCH_PATHS = (
					"$(inherited)",
					"@executable_path/Frameworks",
				);
				MARKETING_VERSION = 1.0;
				PRODUCT_BUNDLE_IDENTIFIER = "org.tetoblog.MiniApp36-Alamofire01";
				PRODUCT_NAME = "$(TARGET_NAME)";
				SWIFT_EMIT_LOC_STRINGS = YES;
				SWIFT_VERSION = 5.0;
				TARGETED_DEVICE_FAMILY = "1,2";
			};
			name = Debug;
		};
		8781414527FD939F0095AECD /* Release */ = {
			isa = XCBuildConfiguration;
			baseConfigurationReference = 6FAE144377C4ED83CB070107 /* Pods-MiniApp36-Alamofire01.release.xcconfig */;
			buildSettings = {
				ASSETCATALOG_COMPILER_APPICON_NAME = AppIcon;
				ASSETCATALOG_COMPILER_GLOBAL_ACCENT_COLOR_NAME = AccentColor;
				CODE_SIGN_STYLE = Automatic;
				CURRENT_PROJECT_VERSION = 1;
				DEVELOPMENT_TEAM = 558ZJSQN67;
				GENERATE_INFOPLIST_FILE = YES;
				INFOPLIST_FILE = "MiniApp36-Alamofire01/Info.plist";
				INFOPLIST_KEY_UIApplicationSupportsIndirectInputEvents = YES;
				INFOPLIST_KEY_UILaunchStoryboardName = LaunchScreen;
				INFOPLIST_KEY_UIMainStoryboardFile = Main;
				INFOPLIST_KEY_UISupportedInterfaceOrientations_iPad = "UIInterfaceOrientationPortrait UIInterfaceOrientationPortraitUpsideDown UIInterfaceOrientationLandscapeLeft UIInterfaceOrientationLandscapeRight";
				INFOPLIST_KEY_UISupportedInterfaceOrientations_iPhone = "UIInterfaceOrientationPortrait UIInterfaceOrientationLandscapeLeft UIInterfaceOrientationLandscapeRight";
				LD_RUNPATH_SEARCH_PATHS = (
					"$(inherited)",
					"@executable_path/Frameworks",
				);
				MARKETING_VERSION = 1.0;
				PRODUCT_BUNDLE_IDENTIFIER = "org.tetoblog.MiniApp36-Alamofire01";
				PRODUCT_NAME = "$(TARGET_NAME)";
				SWIFT_EMIT_LOC_STRINGS = YES;
				SWIFT_VERSION = 5.0;
				TARGETED_DEVICE_FAMILY = "1,2";
			};
			name = Release;
		};
/* End XCBuildConfiguration section */

/* Begin XCConfigurationList section */
		8781412A27FD939F0095AECD /* Build configuration list for PBXProject "MiniApp36-Alamofire01" */ = {
			isa = XCConfigurationList;
			buildConfigurations = (
				8781414127FD939F0095AECD /* Debug */,
				8781414227FD939F0095AECD /* Release */,
			);
			defaultConfigurationIsVisible = 0;
			defaultConfigurationName = Release;
		};
		8781414327FD939F0095AECD /* Build configuration list for PBXNativeTarget "MiniApp36-Alamofire01" */ = {
			isa = XCConfigurationList;
			buildConfigurations = (
				8781414427FD939F0095AECD /* Debug */,
				8781414527FD939F0095AECD /* Release */,
			);
			defaultConfigurationIsVisible = 0;
			defaultConfigurationName = Release;
		};
/* End XCConfigurationList section */
	};
	rootObject = 8781412727FD939F0095AECD /* Project object */;
}
